
Microsoft Visual Studio Solution File, Format Version 12.00
# Visual Studio 15
VisualStudioVersion = 15.0.28307.757
MinimumVisualStudioVersion = 10.0.40219.1
Project("{FAE04EC0-301F-11D3-BF4B-00C04F79EFBC}") = "LSPLibrary", "LSPLibrary\LSPLibrary.csproj", "{B577A215-198D-48D6-B596-08FFEECC19F1}"
EndProject
Project("{FAE04EC0-301F-11D3-BF4B-00C04F79EFBC}") = "LiskovSubstitutionPrincipleDemo", "LiskovSubstitutionPrincipleDemo\LiskovSubstitutionPrincipleDemo.csproj", "{EAFC1873-5E68-494F-9D00-14AB15015C01}"
EndProject
Global
	GlobalSection(SolutionConfigurationPlatforms) = preSolution
		Debug|Any CPU = Debug|Any CPU
		Release|Any CPU = Release|Any CPU
	EndGlobalSection
	GlobalSection(ProjectConfigurationPlatforms) = postSolution
		{B577A215-198D-48D6-B596-08FFEECC19F1}.Debug|Any CPU.ActiveCfg = Debug|Any CPU
		{B577A215-198D-48D6-B596-08FFEECC19F1}.Debug|Any CPU.Build.0 = Debug|Any CPU
		{B577A215-198D-48D6-B596-08FFEECC19F1}.Release|Any CPU.ActiveCfg = Release|Any CPU
		{B577A215-198D-48D6-B596-08FFEECC19F1}.Release|Any CPU.Build.0 = Release|Any CPU
		{EAFC1873-5E68-494F-9D00-14AB15015C01}.Debug|Any CPU.ActiveCfg = Debug|Any CPU
		{EAFC1873-5E68-494F-9D00-14AB15015C01}.Debug|Any CPU.Build.0 = Debug|Any CPU
		{EAFC1873-5E68-494F-9D00-14AB15015C01}.Release|Any CPU.ActiveCfg = Release|Any CPU
		{EAFC1873-5E68-494F-9D00-14AB15015C01}.Release|Any CPU.Build.0 = Release|Any CPU
	EndGlobalSection
	GlobalSection(SolutionProperties) = preSolution
		HideSolutionNode = FALSE
	EndGlobalSection
	GlobalSection(ExtensibilityGlobals) = postSolution
		SolutionGuid = {CC9BBF78-95A4-42F6-B048-25EA2565A884}
	EndGlobalSection
EndGlobal
