
Microsoft Visual Studio Solution File, Format Version 12.00
# Visual Studio 15
VisualStudioVersion = 15.0.28307.757
MinimumVisualStudioVersion = 10.0.40219.1
Project("{FAE04EC0-301F-11D3-BF4B-00C04F79EFBC}") = "InterfaceSegregationPrinciple", "InterfaceSegregationPrinciple\InterfaceSegregationPrinciple.csproj", "{0442DAD1-4B9A-4509-9AC6-523FBF5B66E1}"
EndProject
Project("{FAE04EC0-301F-11D3-BF4B-00C04F79EFBC}") = "ISPLibrary", "ISPLibrary\ISPLibrary.csproj", "{5B826798-A70B-486A-B222-4C463289275A}"
EndProject
Global
	GlobalSection(SolutionConfigurationPlatforms) = preSolution
		Debug|Any CPU = Debug|Any CPU
		Release|Any CPU = Release|Any CPU
	EndGlobalSection
	GlobalSection(ProjectConfigurationPlatforms) = postSolution
		{0442DAD1-4B9A-4509-9AC6-523FBF5B66E1}.Debug|Any CPU.ActiveCfg = Debug|Any CPU
		{0442DAD1-4B9A-4509-9AC6-523FBF5B66E1}.Debug|Any CPU.Build.0 = Debug|Any CPU
		{0442DAD1-4B9A-4509-9AC6-523FBF5B66E1}.Release|Any CPU.ActiveCfg = Release|Any CPU
		{0442DAD1-4B9A-4509-9AC6-523FBF5B66E1}.Release|Any CPU.Build.0 = Release|Any CPU
		{5B826798-A70B-486A-B222-4C463289275A}.Debug|Any CPU.ActiveCfg = Debug|Any CPU
		{5B826798-A70B-486A-B222-4C463289275A}.Debug|Any CPU.Build.0 = Debug|Any CPU
		{5B826798-A70B-486A-B222-4C463289275A}.Release|Any CPU.ActiveCfg = Release|Any CPU
		{5B826798-A70B-486A-B222-4C463289275A}.Release|Any CPU.Build.0 = Release|Any CPU
	EndGlobalSection
	GlobalSection(SolutionProperties) = preSolution
		HideSolutionNode = FALSE
	EndGlobalSection
	GlobalSection(ExtensibilityGlobals) = postSolution
		SolutionGuid = {ADE50782-3451-41F3-93BA-95C7E6A0E1EA}
	EndGlobalSection
EndGlobal
